{
  "name": "courseEnrrolment",
  "lockfileVersion": 2,
  "requires": true,
  "packages": {
    "": {
      "dependencies": {
        "@sonuyadav51/theme-js": "^1.0.2"
      }
    },
    "node_modules/@sonuyadav51/theme-js": {
      "version": "1.0.2",
      "resolved": "https://registry.npmjs.org/@sonuyadav51/theme-js/-/theme-js-1.0.2.tgz",
      "integrity": "sha512-i1IdzIGLDpLTCCXoXaqkQkr4kaIJC8K+eJAvACo2reyHVzg6A7xN1wwSJ7L0GNvWWdyDk9MdZ6Y1PPwku9AkCA=="
    }
  },
  "dependencies": {
    "@sonuyadav51/theme-js": {
      "version": "1.0.2",
      "resolved": "https://registry.npmjs.org/@sonuyadav51/theme-js/-/theme-js-1.0.2.tgz",
      "integrity": "sha512-i1IdzIGLDpLTCCXoXaqkQkr4kaIJC8K+eJAvACo2reyHVzg6A7xN1wwSJ7L0GNvWWdyDk9MdZ6Y1PPwku9AkCA=="
    }
  }
}
